{
  "name": "test-install",
  "version": "1.0.0",
  "lockfileVersion": 3,
  "requires": true,
  "packages": {
    "": {
      "name": "test-install",
      "version": "1.0.0",
      "license": "ISC",
      "dependencies": {
        "@india-kit/core": "file:../india-kit-core-0.1.0.tgz",
        "@india-kit/js": "file:../india-kit-js-0.1.0.tgz"
      }
    },
    "node_modules/@india-kit/core": {
      "version": "0.1.0",
      "resolved": "file:../india-kit-core-0.1.0.tgz",
      "integrity": "sha512-gppjreTaiUGOnq7+fUAtaUckLDiA5hVYj7uy1uCmQbKmHcYI0CjfhUh5ThUStYdma+ITTsJtzxSS/k8D5LKjdQ==",
      "license": "MIT"
    },
    "node_modules/@india-kit/js": {
      "version": "0.1.0",
      "resolved": "file:../india-kit-js-0.1.0.tgz",
      "integrity": "sha512-87653PmlB0QASMKbl+JjqUZkxWKwWrYJz3/P99ef16QDN1DfsbVKqjBT/6HOa+Tj8WSCB+1IgkK5wNFTL4gfMg==",
      "dependencies": {
        "@india-kit/core": "^0.1.0"
      }
    }
  }
}
